
Microsoft Visual Studio Solution File, Format Version 12.00
# Visual Studio Version 17
VisualStudioVersion = 17.8.34322.80
MinimumVisualStudioVersion = 10.0.40219.1
Project("{FAE04EC0-301F-11D3-BF4B-00C04F79EFBC}") = "WinFormsApp1", "WinFormsApp1.csproj", "{F649D5E5-2A46-45CF-A155-77E3C5AA090E}"
EndProject
Global
	GlobalSection(SolutionConfigurationPlatforms) = preSolution
		Debug|Any CPU = Debug|Any CPU
		Release|Any CPU = Release|Any CPU
	EndGlobalSection
	GlobalSection(ProjectConfigurationPlatforms) = postSolution
		{F649D5E5-2A46-45CF-A155-77E3C5AA090E}.Debug|Any CPU.ActiveCfg = Debug|Any CPU
		{F649D5E5-2A46-45CF-A155-77E3C5AA090E}.Debug|Any CPU.Build.0 = Debug|Any CPU
		{F649D5E5-2A46-45CF-A155-77E3C5AA090E}.Release|Any CPU.ActiveCfg = Release|Any CPU
		{F649D5E5-2A46-45CF-A155-77E3C5AA090E}.Release|Any CPU.Build.0 = Release|Any CPU
	EndGlobalSection
	GlobalSection(SolutionProperties) = preSolution
		HideSolutionNode = FALSE
	EndGlobalSection
	GlobalSection(ExtensibilityGlobals) = postSolution
		SolutionGuid = {08EC8D80-9039-45CC-B799-662E0B626EE9}
	EndGlobalSection
EndGlobal
